// !$*UTF8*$!
{
	archiveVersion = 1;
	classes = {
	};
	objectVersion = 46;
	objects = {

/* Begin PBXBuildFile section */
		C52A722319A1F4CC002B0670 /* main.m in Sources */ = {isa = PBXBuildFile; fileRef = C52A722219A1F4CC002B0670 /* main.m */; };
		C52A722619A1F4CC002B0670 /* AppDelegate.m in Sources */ = {isa = PBXBuildFile; fileRef = C52A722519A1F4CC002B0670 /* AppDelegate.m */; };
		C52A722919A1F4CC002B0670 /* ViewController.m in Sources */ = {isa = PBXBuildFile; fileRef = C52A722819A1F4CC002B0670 /* ViewController.m */; };
		C52A722C19A1F4CC002B0670 /* Main.storyboard in Resources */ = {isa = PBXBuildFile; fileRef = C52A722A19A1F4CC002B0670 /* Main.storyboard */; };
		C52A722E19A1F4CC002B0670 /* Images.xcassets in Resources */ = {isa = PBXBuildFile; fileRef = C52A722D19A1F4CC002B0670 /* Images.xcassets */; };
		C52A723A19A1F4CC002B0670 /* iOSRestTests.m in Sources */ = {isa = PBXBuildFile; fileRef = C52A723919A1F4CC002B0670 /* iOSRestTests.m */; };
		C52A724419A1F680002B0670 /* LoginApi.m in Sources */ = {isa = PBXBuildFile; fileRef = C52A724319A1F680002B0670 /* LoginApi.m */; };
		C52A724819A205C2002B0670 /* LoggedInEvent.m in Sources */ = {isa = PBXBuildFile; fileRef = C52A724719A205C2002B0670 /* LoggedInEvent.m */; };
		C52A724B19A2082E002B0670 /* Tolo.m in Sources */ = {isa = PBXBuildFile; fileRef = C52A724A19A2082E002B0670 /* Tolo.m */; };
		C52A724F19A20C07002B0670 /* LoginEvent.m in Sources */ = {isa = PBXBuildFile; fileRef = C52A724E19A20C07002B0670 /* LoginEvent.m */; };
/* End PBXBuildFile section */

/* Begin PBXContainerItemProxy section */
		C52A723419A1F4CC002B0670 /* PBXContainerItemProxy */ = {
			isa = PBXContainerItemProxy;
			containerPortal = C52A721519A1F4CC002B0670 /* Project object */;
			proxyType = 1;
			remoteGlobalIDString = C52A721C19A1F4CC002B0670;
			remoteInfo = iOSRest;
		};
/* End PBXContainerItemProxy section */

/* Begin PBXFileReference section */
		C52A721D19A1F4CC002B0670 /* iOSRest.app */ = {isa = PBXFileReference; explicitFileType = wrapper.application; includeInIndex = 0; path = iOSRest.app; sourceTree = BUILT_PRODUCTS_DIR; };
		C52A722119A1F4CC002B0670 /* Info.plist */ = {isa = PBXFileReference; lastKnownFileType = text.plist.xml; path = Info.plist; sourceTree = "<group>"; };
		C52A722219A1F4CC002B0670 /* main.m */ = {isa = PBXFileReference; lastKnownFileType = sourcecode.c.objc; path = main.m; sourceTree = "<group>"; };
		C52A722419A1F4CC002B0670 /* AppDelegate.h */ = {isa = PBXFileReference; lastKnownFileType = sourcecode.c.h; path = AppDelegate.h; sourceTree = "<group>"; };
		C52A722519A1F4CC002B0670 /* AppDelegate.m */ = {isa = PBXFileReference; lastKnownFileType = sourcecode.c.objc; path = AppDelegate.m; sourceTree = "<group>"; };
		C52A722719A1F4CC002B0670 /* ViewController.h */ = {isa = PBXFileReference; lastKnownFileType = sourcecode.c.h; path = ViewController.h; sourceTree = "<group>"; };
		C52A722819A1F4CC002B0670 /* ViewController.m */ = {isa = PBXFileReference; lastKnownFileType = sourcecode.c.objc; path = ViewController.m; sourceTree = "<group>"; };
		C52A722B19A1F4CC002B0670 /* Base */ = {isa = PBXFileReference; lastKnownFileType = file.storyboard; name = Base; path = Base.lproj/Main.storyboard; sourceTree = "<group>"; };
		C52A722D19A1F4CC002B0670 /* Images.xcassets */ = {isa = PBXFileReference; lastKnownFileType = folder.assetcatalog; path = Images.xcassets; sourceTree = "<group>"; };
		C52A723319A1F4CC002B0670 /* iOSRestTests.xctest */ = {isa = PBXFileReference; explicitFileType = wrapper.cfbundle; includeInIndex = 0; path = iOSRestTests.xctest; sourceTree = BUILT_PRODUCTS_DIR; };
		C52A723819A1F4CC002B0670 /* Info.plist */ = {isa = PBXFileReference; lastKnownFileType = text.plist.xml; path = Info.plist; sourceTree = "<group>"; };
		C52A723919A1F4CC002B0670 /* iOSRestTests.m */ = {isa = PBXFileReference; lastKnownFileType = sourcecode.c.objc; path = iOSRestTests.m; sourceTree = "<group>"; };
		C52A724319A1F680002B0670 /* LoginApi.m */ = {isa = PBXFileReference; fileEncoding = 4; lastKnownFileType = sourcecode.c.objc; path = LoginApi.m; sourceTree = "<group>"; };
		C52A724519A1F764002B0670 /* LoginApi.h */ = {isa = PBXFileReference; lastKnownFileType = sourcecode.c.h; path = LoginApi.h; sourceTree = "<group>"; };
		C52A724619A204FC002B0670 /* LoggedInEvent.h */ = {isa = PBXFileReference; lastKnownFileType = sourcecode.c.h; path = LoggedInEvent.h; sourceTree = "<group>"; };
		C52A724719A205C2002B0670 /* LoggedInEvent.m */ = {isa = PBXFileReference; fileEncoding = 4; lastKnownFileType = sourcecode.c.objc; path = LoggedInEvent.m; sourceTree = "<group>"; };
		C52A724919A2081F002B0670 /* Tolo.h */ = {isa = PBXFileReference; lastKnownFileType = sourcecode.c.h; path = Tolo.h; sourceTree = "<group>"; };
		C52A724A19A2082E002B0670 /* Tolo.m */ = {isa = PBXFileReference; fileEncoding = 4; lastKnownFileType = sourcecode.c.objc; path = Tolo.m; sourceTree = "<group>"; };
		C52A724D19A20C07002B0670 /* LoginEvent.h */ = {isa = PBXFileReference; fileEncoding = 4; lastKnownFileType = sourcecode.c.h; path = LoginEvent.h; sourceTree = "<group>"; };
		C52A724E19A20C07002B0670 /* LoginEvent.m */ = {isa = PBXFileReference; fileEncoding = 4; lastKnownFileType = sourcecode.c.objc; path = LoginEvent.m; sourceTree = "<group>"; };
/* End PBXFileReference section */

/* Begin PBXFrameworksBuildPhase section */
		C52A721A19A1F4CC002B0670 /* Frameworks */ = {
			isa = PBXFrameworksBuildPhase;
			buildActionMask = 2147483647;
			files = (
			);
			runOnlyForDeploymentPostprocessing = 0;
		};
		C52A723019A1F4CC002B0670 /* Frameworks */ = {
			isa = PBXFrameworksBuildPhase;
			buildActionMask = 2147483647;
			files = (
			);
			runOnlyForDeploymentPostprocessing = 0;
		};
/* End PBXFrameworksBuildPhase section */

/* Begin PBXGroup section */
		C52A721419A1F4CC002B0670 = {
			isa = PBXGroup;
			children = (
				C52A721F19A1F4CC002B0670 /* iOSRest */,
				C52A723619A1F4CC002B0670 /* iOSRestTests */,
				C52A721E19A1F4CC002B0670 /* Products */,
			);
			sourceTree = "<group>";
		};
		C52A721E19A1F4CC002B0670 /* Products */ = {
			isa = PBXGroup;
			children = (
				C52A721D19A1F4CC002B0670 /* iOSRest.app */,
				C52A723319A1F4CC002B0670 /* iOSRestTests.xctest */,
			);
			name = Products;
			sourceTree = "<group>";
		};
		C52A721F19A1F4CC002B0670 /* iOSRest */ = {
			isa = PBXGroup;
			children = (
				C52A724C19A20BAB002B0670 /* events */,
				C52A722419A1F4CC002B0670 /* AppDelegate.h */,
				C52A722519A1F4CC002B0670 /* AppDelegate.m */,
				C52A722719A1F4CC002B0670 /* ViewController.h */,
				C52A722819A1F4CC002B0670 /* ViewController.m */,
				C52A722A19A1F4CC002B0670 /* Main.storyboard */,
				C52A722D19A1F4CC002B0670 /* Images.xcassets */,
				C52A722019A1F4CC002B0670 /* Supporting Files */,
				C52A724319A1F680002B0670 /* LoginApi.m */,
				C52A724519A1F764002B0670 /* LoginApi.h */,
				C52A724919A2081F002B0670 /* Tolo.h */,
				C52A724A19A2082E002B0670 /* Tolo.m */,
			);
			path = iOSRest;
			sourceTree = "<group>";
		};
		C52A722019A1F4CC002B0670 /* Supporting Files */ = {
			isa = PBXGroup;
			children = (
				C52A722119A1F4CC002B0670 /* Info.plist */,
				C52A722219A1F4CC002B0670 /* main.m */,
			);
			name = "Supporting Files";
			sourceTree = "<group>";
		};
		C52A723619A1F4CC002B0670 /* iOSRestTests */ = {
			isa = PBXGroup;
			children = (
				C52A723919A1F4CC002B0670 /* iOSRestTests.m */,
				C52A723719A1F4CC002B0670 /* Supporting Files */,
			);
			path = iOSRestTests;
			sourceTree = "<group>";
		};
		C52A723719A1F4CC002B0670 /* Supporting Files */ = {
			isa = PBXGroup;
			children = (
				C52A723819A1F4CC002B0670 /* Info.plist */,
			);
			name = "Supporting Files";
			sourceTree = "<group>";
		};
		C52A724C19A20BAB002B0670 /* events */ = {
			isa = PBXGroup;
			children = (
				C52A724D19A20C07002B0670 /* LoginEvent.h */,
				C52A724E19A20C07002B0670 /* LoginEvent.m */,
				C52A724619A204FC002B0670 /* LoggedInEvent.h */,
				C52A724719A205C2002B0670 /* LoggedInEvent.m */,
			);
			name = events;
			sourceTree = "<group>";
		};
/* End PBXGroup section */

/* Begin PBXNativeTarget section */
		C52A721C19A1F4CC002B0670 /* iOSRest */ = {
			isa = PBXNativeTarget;
			buildConfigurationList = C52A723D19A1F4CC002B0670 /* Build configuration list for PBXNativeTarget "iOSRest" */;
			buildPhases = (
				C52A721919A1F4CC002B0670 /* Sources */,
				C52A721A19A1F4CC002B0670 /* Frameworks */,
				C52A721B19A1F4CC002B0670 /* Resources */,
			);
			buildRules = (
			);
			dependencies = (
			);
			name = iOSRest;
			productName = iOSRest;
			productReference = C52A721D19A1F4CC002B0670 /* iOSRest.app */;
			productType = "com.apple.product-type.application";
		};
		C52A723219A1F4CC002B0670 /* iOSRestTests */ = {
			isa = PBXNativeTarget;
			buildConfigurationList = C52A724019A1F4CC002B0670 /* Build configuration list for PBXNativeTarget "iOSRestTests" */;
			buildPhases = (
				C52A722F19A1F4CC002B0670 /* Sources */,
				C52A723019A1F4CC002B0670 /* Frameworks */,
				C52A723119A1F4CC002B0670 /* Resources */,
			);
			buildRules = (
			);
			dependencies = (
				C52A723519A1F4CC002B0670 /* PBXTargetDependency */,
			);
			name = iOSRestTests;
			productName = iOSRestTests;
			productReference = C52A723319A1F4CC002B0670 /* iOSRestTests.xctest */;
			productType = "com.apple.product-type.bundle.unit-test";
		};
/* End PBXNativeTarget section */

/* Begin PBXProject section */
		C52A721519A1F4CC002B0670 /* Project object */ = {
			isa = PBXProject;
			attributes = {
				LastUpgradeCheck = 0600;
				ORGANIZATIONNAME = "Øystein Strand";
				TargetAttributes = {
					C52A721C19A1F4CC002B0670 = {
						CreatedOnToolsVersion = 6.0;
					};
					C52A723219A1F4CC002B0670 = {
						CreatedOnToolsVersion = 6.0;
						TestTargetID = C52A721C19A1F4CC002B0670;
					};
				};
			};
			buildConfigurationList = C52A721819A1F4CC002B0670 /* Build configuration list for PBXProject "iOSRest" */;
			compatibilityVersion = "Xcode 3.2";
			developmentRegion = English;
			hasScannedForEncodings = 0;
			knownRegions = (
				en,
				Base,
			);
			mainGroup = C52A721419A1F4CC002B0670;
			productRefGroup = C52A721E19A1F4CC002B0670 /* Products */;
			projectDirPath = "";
			projectRoot = "";
			targets = (
				C52A721C19A1F4CC002B0670 /* iOSRest */,
				C52A723219A1F4CC002B0670 /* iOSRestTests */,
			);
		};
/* End PBXProject section */

/* Begin PBXResourcesBuildPhase section */
		C52A721B19A1F4CC002B0670 /* Resources */ = {
			isa = PBXResourcesBuildPhase;
			buildActionMask = 2147483647;
			files = (
				C52A722C19A1F4CC002B0670 /* Main.storyboard in Resources */,
				C52A722E19A1F4CC002B0670 /* Images.xcassets in Resources */,
			);
			runOnlyForDeploymentPostprocessing = 0;
		};
		C52A723119A1F4CC002B0670 /* Resources */ = {
			isa = PBXResourcesBuildPhase;
			buildActionMask = 2147483647;
			files = (
			);
			runOnlyForDeploymentPostprocessing = 0;
		};
/* End PBXResourcesBuildPhase section */

/* Begin PBXSourcesBuildPhase section */
		C52A721919A1F4CC002B0670 /* Sources */ = {
			isa = PBXSourcesBuildPhase;
			buildActionMask = 2147483647;
			files = (
				C52A724419A1F680002B0670 /* LoginApi.m in Sources */,
				C52A724F19A20C07002B0670 /* LoginEvent.m in Sources */,
				C52A722919A1F4CC002B0670 /* ViewController.m in Sources */,
				C52A722619A1F4CC002B0670 /* AppDelegate.m in Sources */,
				C52A724B19A2082E002B0670 /* Tolo.m in Sources */,
				C52A724819A205C2002B0670 /* LoggedInEvent.m in Sources */,
				C52A722319A1F4CC002B0670 /* main.m in Sources */,
			);
			runOnlyForDeploymentPostprocessing = 0;
		};
		C52A722F19A1F4CC002B0670 /* Sources */ = {
			isa = PBXSourcesBuildPhase;
			buildActionMask = 2147483647;
			files = (
				C52A723A19A1F4CC002B0670 /* iOSRestTests.m in Sources */,
			);
			runOnlyForDeploymentPostprocessing = 0;
		};
/* End PBXSourcesBuildPhase section */

/* Begin PBXTargetDependency section */
		C52A723519A1F4CC002B0670 /* PBXTargetDependency */ = {
			isa = PBXTargetDependency;
			target = C52A721C19A1F4CC002B0670 /* iOSRest */;
			targetProxy = C52A723419A1F4CC002B0670 /* PBXContainerItemProxy */;
		};
/* End PBXTargetDependency section */

/* Begin PBXVariantGroup section */
		C52A722A19A1F4CC002B0670 /* Main.storyboard */ = {
			isa = PBXVariantGroup;
			children = (
				C52A722B19A1F4CC002B0670 /* Base */,
			);
			name = Main.storyboard;
			sourceTree = "<group>";
		};
/* End PBXVariantGroup section */

/* Begin XCBuildConfiguration section */
		C52A723B19A1F4CC002B0670 /* Debug */ = {
			isa = XCBuildConfiguration;
			buildSettings = {
				ALWAYS_SEARCH_USER_PATHS = NO;
				CLANG_CXX_LANGUAGE_STANDARD = "gnu++0x";
				CLANG_CXX_LIBRARY = "libc++";
				CLANG_ENABLE_MODULES = YES;
				CLANG_ENABLE_OBJC_ARC = YES;
				CLANG_WARN_BOOL_CONVERSION = YES;
				CLANG_WARN_CONSTANT_CONVERSION = YES;
				CLANG_WARN_DIRECT_OBJC_ISA_USAGE = YES_ERROR;
				CLANG_WARN_EMPTY_BODY = YES;
				CLANG_WARN_ENUM_CONVERSION = YES;
				CLANG_WARN_INT_CONVERSION = YES;
				CLANG_WARN_OBJC_ROOT_CLASS = YES_ERROR;
				CLANG_WARN_UNREACHABLE_CODE = YES;
				CLANG_WARN__DUPLICATE_METHOD_MATCH = YES;
				"CODE_SIGN_IDENTITY[sdk=iphoneos*]" = "iPhone Developer";
				COPY_PHASE_STRIP = NO;
				ENABLE_STRICT_OBJC_MSGSEND = YES;
				GCC_C_LANGUAGE_STANDARD = gnu99;
				GCC_DYNAMIC_NO_PIC = NO;
				GCC_OPTIMIZATION_LEVEL = 0;
				GCC_PREPROCESSOR_DEFINITIONS = (
					"DEBUG=1",
					"$(inherited)",
				);
				GCC_SYMBOLS_PRIVATE_EXTERN = NO;
				GCC_WARN_64_TO_32_BIT_CONVERSION = YES;
				GCC_WARN_ABOUT_RETURN_TYPE = YES_ERROR;
				GCC_WARN_UNDECLARED_SELECTOR = YES;
				GCC_WARN_UNINITIALIZED_AUTOS = YES_AGGRESSIVE;
				GCC_WARN_UNUSED_FUNCTION = YES;
				GCC_WARN_UNUSED_VARIABLE = YES;
				IPHONEOS_DEPLOYMENT_TARGET = 8.0;
				MTL_ENABLE_DEBUG_INFO = YES;
				ONLY_ACTIVE_ARCH = YES;
				SDKROOT = iphoneos;
			};
			name = Debug;
		};
		C52A723C19A1F4CC002B0670 /* Release */ = {
			isa = XCBuildConfiguration;
			buildSettings = {
				ALWAYS_SEARCH_USER_PATHS = NO;
				CLANG_CXX_LANGUAGE_STANDARD = "gnu++0x";
				CLANG_CXX_LIBRARY = "libc++";
				CLANG_ENABLE_MODULES = YES;
				CLANG_ENABLE_OBJC_ARC = YES;
				CLANG_WARN_BOOL_CONVERSION = YES;
				CLANG_WARN_CONSTANT_CONVERSION = YES;
				CLANG_WARN_DIRECT_OBJC_ISA_USAGE = YES_ERROR;
				CLANG_WARN_EMPTY_BODY = YES;
				CLANG_WARN_ENUM_CONVERSION = YES;
				CLANG_WARN_INT_CONVERSION = YES;
				CLANG_WARN_OBJC_ROOT_CLASS = YES_ERROR;
				CLANG_WARN_UNREACHABLE_CODE = YES;
				CLANG_WARN__DUPLICATE_METHOD_MATCH = YES;
				"CODE_SIGN_IDENTITY[sdk=iphoneos*]" = "iPhone Developer";
				COPY_PHASE_STRIP = YES;
				ENABLE_NS_ASSERTIONS = NO;
				ENABLE_STRICT_OBJC_MSGSEND = YES;
				GCC_C_LANGUAGE_STANDARD = gnu99;
				GCC_WARN_64_TO_32_BIT_CONVERSION = YES;
				GCC_WARN_ABOUT_RETURN_TYPE = YES_ERROR;
				GCC_WARN_UNDECLARED_SELECTOR = YES;
				GCC_WARN_UNINITIALIZED_AUTOS = YES_AGGRESSIVE;
				GCC_WARN_UNUSED_FUNCTION = YES;
				GCC_WARN_UNUSED_VARIABLE = YES;
				IPHONEOS_DEPLOYMENT_TARGET = 8.0;
				MTL_ENABLE_DEBUG_INFO = NO;
				SDKROOT = iphoneos;
				VALIDATE_PRODUCT = YES;
			};
			name = Release;
		};
		C52A723E19A1F4CC002B0670 /* Debug */ = {
			isa = XCBuildConfiguration;
			buildSettings = {
				ASSETCATALOG_COMPILER_APPICON_NAME = AppIcon;
				ASSETCATALOG_COMPILER_LAUNCHIMAGE_NAME = LaunchImage;
				INFOPLIST_FILE = iOSRest/Info.plist;
				LD_RUNPATH_SEARCH_PATHS = "$(inherited) @executable_path/Frameworks";
				PRODUCT_NAME = "$(TARGET_NAME)";
			};
			name = Debug;
		};
		C52A723F19A1F4CC002B0670 /* Release */ = {
			isa = XCBuildConfiguration;
			buildSettings = {
				ASSETCATALOG_COMPILER_APPICON_NAME = AppIcon;
				ASSETCATALOG_COMPILER_LAUNCHIMAGE_NAME = LaunchImage;
				INFOPLIST_FILE = iOSRest/Info.plist;
				LD_RUNPATH_SEARCH_PATHS = "$(inherited) @executable_path/Frameworks";
				PRODUCT_NAME = "$(TARGET_NAME)";
			};
			name = Release;
		};
		C52A724119A1F4CC002B0670 /* Debug */ = {
			isa = XCBuildConfiguration;
			buildSettings = {
				BUNDLE_LOADER = "$(TEST_HOST)";
				FRAMEWORK_SEARCH_PATHS = (
					"$(SDKROOT)/Developer/Library/Frameworks",
					"$(inherited)",
				);
				GCC_PREPROCESSOR_DEFINITIONS = (
					"DEBUG=1",
					"$(inherited)",
				);
				INFOPLIST_FILE = iOSRestTests/Info.plist;
				LD_RUNPATH_SEARCH_PATHS = "$(inherited) @executable_path/Frameworks @loader_path/Frameworks";
				PRODUCT_NAME = "$(TARGET_NAME)";
				TEST_HOST = "$(BUILT_PRODUCTS_DIR)/iOSRest.app/iOSRest";
			};
			name = Debug;
		};
		C52A724219A1F4CC002B0670 /* Release */ = {
			isa = XCBuildConfiguration;
			buildSettings = {
				BUNDLE_LOADER = "$(TEST_HOST)";
				FRAMEWORK_SEARCH_PATHS = (
					"$(SDKROOT)/Developer/Library/Frameworks",
					"$(inherited)",
				);
				INFOPLIST_FILE = iOSRestTests/Info.plist;
				LD_RUNPATH_SEARCH_PATHS = "$(inherited) @executable_path/Frameworks @loader_path/Frameworks";
				PRODUCT_NAME = "$(TARGET_NAME)";
				TEST_HOST = "$(BUILT_PRODUCTS_DIR)/iOSRest.app/iOSRest";
			};
			name = Release;
		};
/* End XCBuildConfiguration section */

/* Begin XCConfigurationList section */
		C52A721819A1F4CC002B0670 /* Build configuration list for PBXProject "iOSRest" */ = {
			isa = XCConfigurationList;
			buildConfigurations = (
				C52A723B19A1F4CC002B0670 /* Debug */,
				C52A723C19A1F4CC002B0670 /* Release */,
			);
			defaultConfigurationIsVisible = 0;
			defaultConfigurationName = Release;
		};
		C52A723D19A1F4CC002B0670 /* Build configuration list for PBXNativeTarget "iOSRest" */ = {
			isa = XCConfigurationList;
			buildConfigurations = (
				C52A723E19A1F4CC002B0670 /* Debug */,
				C52A723F19A1F4CC002B0670 /* Release */,
			);
			defaultConfigurationIsVisible = 0;
		};
		C52A724019A1F4CC002B0670 /* Build configuration list for PBXNativeTarget "iOSRestTests" */ = {
			isa = XCConfigurationList;
			buildConfigurations = (
				C52A724119A1F4CC002B0670 /* Debug */,
				C52A724219A1F4CC002B0670 /* Release */,
			);
			defaultConfigurationIsVisible = 0;
		};
/* End XCConfigurationList section */
	};
	rootObject = C52A721519A1F4CC002B0670 /* Project object */;
}
